
Microsoft Visual Studio Solution File, Format Version 11.00
# Visual C++ Express 2010
Project("{8BC9CEB8-8B4A-11D0-8D11-00A0C91BC942}") = "Luac", "Luac\Luac.vcxproj", "{6B763609-3CDA-4C00-A9D9-DC799A82D874}"
EndProject
Global
	GlobalSection(SolutionConfigurationPlatforms) = preSolution
		Debug|Win32 = Debug|Win32
		Release|Win32 = Release|Win32
	EndGlobalSection
	GlobalSection(ProjectConfigurationPlatforms) = postSolution
		{6B763609-3CDA-4C00-A9D9-DC799A82D874}.Debug|Win32.ActiveCfg = Debug|Win32
		{6B763609-3CDA-4C00-A9D9-DC799A82D874}.Debug|Win32.Build.0 = Debug|Win32
		{6B763609-3CDA-4C00-A9D9-DC799A82D874}.Release|Win32.ActiveCfg = Release|Win32
		{6B763609-3CDA-4C00-A9D9-DC799A82D874}.Release|Win32.Build.0 = Release|Win32
	EndGlobalSection
	GlobalSection(SolutionProperties) = preSolution
		HideSolutionNode = FALSE
	EndGlobalSection
EndGlobal
