<?xml version="1.0" encoding="utf-8"?>
<Project ToolsVersion="4.0" xmlns="http://schemas.microsoft.com/developer/msbuild/2003">
  <ItemGroup>
    <Filter Include="Lua">
      <UniqueIdentifier>{a16c5ead-a829-4489-8f41-bd603310e898}</UniqueIdentifier>
    </Filter>
  </ItemGroup>
  <ItemGroup>
    <ClCompile Include="main.cpp" />
    <ClCompile Include="Luabin\Luabin.cpp">
      <Filter>Lua</Filter>
    </ClCompile>
  </ItemGroup>
  <ItemGroup>
    <ClInclude Include="Luabin\Luabin.h">
      <Filter>Lua</Filter>
    </ClInclude>
  </ItemGroup>
</Project>