<?xml version="1.0" encoding="utf-8"?>
<Project ToolsVersion="4.0" xmlns="http://schemas.microsoft.com/developer/msbuild/2003">
  <ItemGroup>
    <Filter Include="Key">
      <UniqueIdentifier>{2fef1fbc-8cc9-4755-9019-0f8db473257d}</UniqueIdentifier>
    </Filter>
    <Filter Include="DxLibFlameWork">
      <UniqueIdentifier>{60df2a12-9027-4793-952c-d9698ed312bf}</UniqueIdentifier>
    </Filter>
    <Filter Include="Define">
      <UniqueIdentifier>{6ff35890-7a8b-414d-9e16-6402a387b118}</UniqueIdentifier>
    </Filter>
    <Filter Include="Pad">
      <UniqueIdentifier>{f8b582ca-0046-49aa-9455-46dd3afbf338}</UniqueIdentifier>
    </Filter>
    <Filter Include="FPS">
      <UniqueIdentifier>{41b28826-05dd-40ee-8e55-847103a47c82}</UniqueIdentifier>
    </Filter>
    <Filter Include="Facade">
      <UniqueIdentifier>{37d459a1-fc38-4829-ab94-7c858e416e5f}</UniqueIdentifier>
    </Filter>
    <Filter Include="Mouse">
      <UniqueIdentifier>{25128023-829a-4559-9a3b-f9d4586c94ff}</UniqueIdentifier>
    </Filter>
    <Filter Include="XML">
      <UniqueIdentifier>{b8995239-eb43-4238-a06b-57741019a7c7}</UniqueIdentifier>
    </Filter>
    <Filter Include="Container">
      <UniqueIdentifier>{0a9f23a4-0069-4125-b868-e19fadf19536}</UniqueIdentifier>
    </Filter>
  </ItemGroup>
  <ItemGroup>
    <ClCompile Include="main.cpp" />
    <ClCompile Include="DxLibFlameWork\DxLibFW.cpp">
      <Filter>DxLibFlameWork</Filter>
    </ClCompile>
    <ClCompile Include="Key\Key.cpp">
      <Filter>Key</Filter>
    </ClCompile>
    <ClCompile Include="Pad\Pad.cpp">
      <Filter>Pad</Filter>
    </ClCompile>
    <ClCompile Include="Fps\Fps.cpp">
      <Filter>FPS</Filter>
    </ClCompile>
    <ClCompile Include="Mouse\Mouce.cpp">
      <Filter>Mouse</Filter>
    </ClCompile>
    <ClCompile Include="XML\XmlReader.cpp">
      <Filter>XML</Filter>
    </ClCompile>
    <ClCompile Include="XML\XmlWriter.cpp">
      <Filter>XML</Filter>
    </ClCompile>
    <ClCompile Include="Container\ImgContainer.cpp">
      <Filter>Container</Filter>
    </ClCompile>
  </ItemGroup>
  <ItemGroup>
    <ClInclude Include="DxLibFlameWork\DxLibFW.h">
      <Filter>DxLibFlameWork</Filter>
    </ClInclude>
    <ClInclude Include="Define\Define.h">
      <Filter>Define</Filter>
    </ClInclude>
    <ClInclude Include="Define\Structure.h">
      <Filter>Define</Filter>
    </ClInclude>
    <ClInclude Include="DxLibFlameWork\DxLibInterFace.h">
      <Filter>DxLibFlameWork</Filter>
    </ClInclude>
    <ClInclude Include="Key\Key.h">
      <Filter>Key</Filter>
    </ClInclude>
    <ClInclude Include="Pad\Pad.h">
      <Filter>Pad</Filter>
    </ClInclude>
    <ClInclude Include="Define\DefineManager.h">
      <Filter>Define</Filter>
    </ClInclude>
    <ClInclude Include="Fps\Fps.h">
      <Filter>FPS</Filter>
    </ClInclude>
    <ClInclude Include="Facade\Contact.h">
      <Filter>Facade</Filter>
    </ClInclude>
    <ClInclude Include="Mouse\Mouce.h">
      <Filter>Mouse</Filter>
    </ClInclude>
    <ClInclude Include="XML\XmlReader.h">
      <Filter>XML</Filter>
    </ClInclude>
    <ClInclude Include="XML\XmlWriter.h">
      <Filter>XML</Filter>
    </ClInclude>
    <ClInclude Include="XML\XmlUser.h">
      <Filter>XML</Filter>
    </ClInclude>
    <ClInclude Include="Container\ImgContainer.h">
      <Filter>Container</Filter>
    </ClInclude>
  </ItemGroup>
  <ItemGroup>
    <None Include="ClassDiagram1.cd" />
  </ItemGroup>
</Project>