<?xml version="1.0" encoding="utf-8"?>
<Project ToolsVersion="4.0" xmlns="http://schemas.microsoft.com/developer/msbuild/2003">
  <ItemGroup>
    <Filter Include="リソース ファイル">
      <UniqueIdentifier>{67DA6AB6-F800-4c08-8B7A-83BB121AAD01}</UniqueIdentifier>
      <Extensions>rc;ico;cur;bmp;dlg;rc2;rct;bin;rgs;gif;jpg;jpeg;jpe;resx;tiff;tif;png;wav;mfcribbon-ms</Extensions>
    </Filter>
    <Filter Include="Network">
      <UniqueIdentifier>{79144205-3196-4ac9-ba6a-645c2f2150f8}</UniqueIdentifier>
    </Filter>
    <Filter Include="Network\Socket">
      <UniqueIdentifier>{842692ff-2a6b-4d01-842b-149a2e465000}</UniqueIdentifier>
    </Filter>
    <Filter Include="Network\InetSocketAddress">
      <UniqueIdentifier>{bc7e7d10-f50d-4a25-a36a-3ac2b959c05f}</UniqueIdentifier>
    </Filter>
    <Filter Include="Network\InetAddress">
      <UniqueIdentifier>{95ecd87c-df8d-407d-bf8f-df479551130e}</UniqueIdentifier>
    </Filter>
    <Filter Include="Network\Socket\Socket">
      <UniqueIdentifier>{d6014c38-4f6e-44a4-912d-fc97cb3ddc84}</UniqueIdentifier>
    </Filter>
    <Filter Include="Network\Socket\ServerSocket">
      <UniqueIdentifier>{8b33a1b9-69e2-42cc-8d6e-32f29486142f}</UniqueIdentifier>
    </Filter>
    <Filter Include="Network\SocketException">
      <UniqueIdentifier>{9895c1b5-c8ae-4e74-8671-238e9dd026ac}</UniqueIdentifier>
    </Filter>
    <Filter Include="Network\SocketImpl">
      <UniqueIdentifier>{a73519cd-5879-46d3-8268-30e477711588}</UniqueIdentifier>
    </Filter>
    <Filter Include="GameApplication">
      <UniqueIdentifier>{fd87f238-b71e-48ba-b646-e47120e14345}</UniqueIdentifier>
    </Filter>
    <Filter Include="Thread">
      <UniqueIdentifier>{7821f4a4-19b4-4265-af42-0c5e1bacdf65}</UniqueIdentifier>
    </Filter>
    <Filter Include="Thread\CriticalSection">
      <UniqueIdentifier>{6163176b-ad02-4a7d-a426-35d5aaad2d7b}</UniqueIdentifier>
    </Filter>
    <Filter Include="Device">
      <UniqueIdentifier>{0bc303dd-927b-4986-b8b6-b7d155c0f849}</UniqueIdentifier>
    </Filter>
    <Filter Include="Device\impl">
      <UniqueIdentifier>{9e2b7886-2e20-4606-8ef3-1159c32373ea}</UniqueIdentifier>
    </Filter>
    <Filter Include="Define">
      <UniqueIdentifier>{73c0b0e2-106a-4f8a-8a8d-c167e97dd250}</UniqueIdentifier>
    </Filter>
    <Filter Include="Utility">
      <UniqueIdentifier>{4f9572eb-de72-4555-a569-95d52292bf83}</UniqueIdentifier>
    </Filter>
    <Filter Include="Type">
      <UniqueIdentifier>{a958f454-a78f-4017-9b4a-4739e9dbb511}</UniqueIdentifier>
    </Filter>
    <Filter Include="Sprite">
      <UniqueIdentifier>{4d152ed9-80db-4593-82cb-eedf7162e91e}</UniqueIdentifier>
    </Filter>
    <Filter Include="GameLogic">
      <UniqueIdentifier>{149f90f6-e862-4bdf-a4d9-cc780bf01c0d}</UniqueIdentifier>
    </Filter>
    <Filter Include="GameLogic\Interface">
      <UniqueIdentifier>{c1806d1f-da33-4663-a67f-d602d4bf2cca}</UniqueIdentifier>
    </Filter>
    <Filter Include="GameLogic\Impl">
      <UniqueIdentifier>{7edbc132-f592-4e84-af2e-6bf02eca2731}</UniqueIdentifier>
    </Filter>
    <Filter Include="Network\DatagramSocket">
      <UniqueIdentifier>{14f3094e-89f3-42a5-b9b3-3504b2537ec8}</UniqueIdentifier>
    </Filter>
    <Filter Include="Network\DatagramSocketImpl">
      <UniqueIdentifier>{79bc5bd6-fd83-40ea-84aa-d60970a0ba5d}</UniqueIdentifier>
    </Filter>
    <Filter Include="Type\Vector2">
      <UniqueIdentifier>{476bad32-5626-45ae-8956-aa972feed3c1}</UniqueIdentifier>
    </Filter>
    <Filter Include="Type\Vector3">
      <UniqueIdentifier>{0f23fae1-dd2b-4db1-b567-6cdff9dd09b2}</UniqueIdentifier>
    </Filter>
    <Filter Include="Type\Matrix4">
      <UniqueIdentifier>{3ea7a157-9cce-44a8-b2c6-44194cbd3728}</UniqueIdentifier>
    </Filter>
    <Filter Include="Type\Color4">
      <UniqueIdentifier>{c68bb371-7377-42db-b6ea-673936dd2774}</UniqueIdentifier>
    </Filter>
    <Filter Include="Type\Rect">
      <UniqueIdentifier>{2f29e2f9-a3f3-4086-a390-a4de5210e5ae}</UniqueIdentifier>
    </Filter>
    <Filter Include="Sprite\Sprite3D">
      <UniqueIdentifier>{88a4fdda-76ed-48b9-8210-6cd1a784ec2f}</UniqueIdentifier>
    </Filter>
    <Filter Include="Sprite\Sprite2D">
      <UniqueIdentifier>{dd62f855-b704-4706-9acd-1dbbf4dce2d2}</UniqueIdentifier>
    </Filter>
    <Filter Include="Type\Quaternion">
      <UniqueIdentifier>{fde4fc80-ba12-4800-ba2a-f467749f40cf}</UniqueIdentifier>
    </Filter>
    <Filter Include="Type\TextureData">
      <UniqueIdentifier>{b6887c86-ac3b-4b2e-9e4f-ca489782cb49}</UniqueIdentifier>
    </Filter>
    <Filter Include="Sprite\Interface">
      <UniqueIdentifier>{4425aed5-973c-46b8-9267-c67845be4b3b}</UniqueIdentifier>
    </Filter>
  </ItemGroup>
  <ItemGroup>
    <ClCompile Include="Network\InetAddress\InetAddress.cpp">
      <Filter>Network\InetAddress</Filter>
    </ClCompile>
    <ClCompile Include="Network\InetSocketAddress\InetSocketAddress.cpp">
      <Filter>Network\InetSocketAddress</Filter>
    </ClCompile>
    <ClCompile Include="Network\Socket\ServerSocket\ServerSocket.cpp">
      <Filter>Network\Socket\ServerSocket</Filter>
    </ClCompile>
    <ClCompile Include="Network\Socket\Socket\Socket.cpp">
      <Filter>Network\Socket\Socket</Filter>
    </ClCompile>
    <ClCompile Include="Network\SocketImpl\SocketImpl.cpp">
      <Filter>Network\SocketImpl</Filter>
    </ClCompile>
    <ClCompile Include="GameApplication\GameApplication.cpp">
      <Filter>GameApplication</Filter>
    </ClCompile>
    <ClCompile Include="Thread\CriticalSection\CriticalSection.cpp">
      <Filter>Thread\CriticalSection</Filter>
    </ClCompile>
    <ClCompile Include="Thread\Thread.cpp">
      <Filter>Thread</Filter>
    </ClCompile>
    <ClCompile Include="Device\Impl\Mouse.cpp">
      <Filter>Device\impl</Filter>
    </ClCompile>
    <ClCompile Include="Utility\Utility.cpp">
      <Filter>Utility</Filter>
    </ClCompile>
    <ClCompile Include="GameLogic\impl\GameMain.cpp">
      <Filter>GameLogic\Impl</Filter>
    </ClCompile>
    <ClCompile Include="GameLogic\impl\GameRunner.cpp">
      <Filter>GameLogic\Impl</Filter>
    </ClCompile>
    <ClCompile Include="main.cpp" />
    <ClCompile Include="Network\DatagranSocket\DatagramSocket.cpp">
      <Filter>Network\DatagramSocket</Filter>
    </ClCompile>
    <ClCompile Include="Network\DatagranSocketImpl\DatagramSocketImpl.cpp">
      <Filter>Network\DatagramSocketImpl</Filter>
    </ClCompile>
    <ClCompile Include="Type\Vector2\Vector2.cpp">
      <Filter>Type\Vector2</Filter>
    </ClCompile>
    <ClCompile Include="Type\Vector3\Vector3.cpp">
      <Filter>Type\Vector3</Filter>
    </ClCompile>
    <ClCompile Include="Type\Matrix4\Matrix4.cpp">
      <Filter>Type\Matrix4</Filter>
    </ClCompile>
    <ClCompile Include="Type\Color4\Color4.cpp">
      <Filter>Type\Color4</Filter>
    </ClCompile>
    <ClCompile Include="Sprite\Sprite3D\Sprite3D.cpp">
      <Filter>Sprite\Sprite3D</Filter>
    </ClCompile>
    <ClCompile Include="Sprite\Sprite2D\Sprite2D.cpp">
      <Filter>Sprite\Sprite2D</Filter>
    </ClCompile>
    <ClCompile Include="Utility\Math_Utility.cpp">
      <Filter>Utility</Filter>
    </ClCompile>
    <ClCompile Include="Type\Quaternion\Quaternion.cpp">
      <Filter>Type\Quaternion</Filter>
    </ClCompile>
    <ClCompile Include="Type\TextureData\TextureData.cpp">
      <Filter>Type\TextureData</Filter>
    </ClCompile>
  </ItemGroup>
  <ItemGroup>
    <ClInclude Include="Network\InetAddress\InetAddress.h">
      <Filter>Network\InetAddress</Filter>
    </ClInclude>
    <ClInclude Include="Network\InetSocketAddress\InetSocketAddress.h">
      <Filter>Network\InetSocketAddress</Filter>
    </ClInclude>
    <ClInclude Include="Network\Socket\ServerSocket\ServerSocket.h">
      <Filter>Network\Socket\ServerSocket</Filter>
    </ClInclude>
    <ClInclude Include="Network\Socket\Socket\Socket.h">
      <Filter>Network\Socket\Socket</Filter>
    </ClInclude>
    <ClInclude Include="Network\SocketException\SocketException.h">
      <Filter>Network\SocketException</Filter>
    </ClInclude>
    <ClInclude Include="Network\SocketImpl\SocketImpl.h">
      <Filter>Network\SocketImpl</Filter>
    </ClInclude>
    <ClInclude Include="GameApplication\GameApplication.h">
      <Filter>GameApplication</Filter>
    </ClInclude>
    <ClInclude Include="Thread\CriticalSection\CriticalSection.h">
      <Filter>Thread\CriticalSection</Filter>
    </ClInclude>
    <ClInclude Include="Thread\IRunnable.h">
      <Filter>Thread</Filter>
    </ClInclude>
    <ClInclude Include="Thread\Thread.h">
      <Filter>Thread</Filter>
    </ClInclude>
    <ClInclude Include="Device\Impl\Mouse.h">
      <Filter>Device\impl</Filter>
    </ClInclude>
    <ClInclude Include="Device\IDevice.h">
      <Filter>Device</Filter>
    </ClInclude>
    <ClInclude Include="Define\ClassDefine.h">
      <Filter>Define</Filter>
    </ClInclude>
    <ClInclude Include="Utility\Utility.h">
      <Filter>Utility</Filter>
    </ClInclude>
    <ClInclude Include="GameLogic\Interface\IGameSystem.h">
      <Filter>GameLogic\Interface</Filter>
    </ClInclude>
    <ClInclude Include="GameLogic\impl\GameMain.h">
      <Filter>GameLogic\Impl</Filter>
    </ClInclude>
    <ClInclude Include="GameLogic\impl\GameRunner.h">
      <Filter>GameLogic\Impl</Filter>
    </ClInclude>
    <ClInclude Include="Network\DatagranSocket\DatagramSocket.h">
      <Filter>Network\DatagramSocket</Filter>
    </ClInclude>
    <ClInclude Include="Network\DatagranSocketImpl\DatagramSocketImpl.h">
      <Filter>Network\DatagramSocketImpl</Filter>
    </ClInclude>
    <ClInclude Include="Define\Define.h">
      <Filter>Define</Filter>
    </ClInclude>
    <ClInclude Include="Type\Vector2\Vector2.h">
      <Filter>Type\Vector2</Filter>
    </ClInclude>
    <ClInclude Include="Type\Vector3\Vector3.h">
      <Filter>Type\Vector3</Filter>
    </ClInclude>
    <ClInclude Include="Type\Matrix4\Matrix4.h">
      <Filter>Type\Matrix4</Filter>
    </ClInclude>
    <ClInclude Include="Type\Color4\Color4.h">
      <Filter>Type\Color4</Filter>
    </ClInclude>
    <ClInclude Include="Type\Rect\Rect.h">
      <Filter>Type\Rect</Filter>
    </ClInclude>
    <ClInclude Include="Sprite\Sprite3D\Sprite3D.h">
      <Filter>Sprite\Sprite3D</Filter>
    </ClInclude>
    <ClInclude Include="Sprite\Sprite2D\Sprite2D.h">
      <Filter>Sprite\Sprite2D</Filter>
    </ClInclude>
    <ClInclude Include="Utility\Math_Utility.h">
      <Filter>Utility</Filter>
    </ClInclude>
    <ClInclude Include="Type\Quaternion\Quaternion.h">
      <Filter>Type\Quaternion</Filter>
    </ClInclude>
    <ClInclude Include="Type\TextureData\TextureData.h">
      <Filter>Type\TextureData</Filter>
    </ClInclude>
    <ClInclude Include="Sprite\Interface\IDraw.h">
      <Filter>Sprite\Interface</Filter>
    </ClInclude>
  </ItemGroup>
</Project>