<?xml version="1.0" encoding="utf-8"?>
<Project ToolsVersion="4.0" xmlns="http://schemas.microsoft.com/developer/msbuild/2003">
  <ItemGroup>
    <Filter Include="リソース ファイル">
      <UniqueIdentifier>{67DA6AB6-F800-4c08-8B7A-83BB121AAD01}</UniqueIdentifier>
      <Extensions>rc;ico;cur;bmp;dlg;rc2;rct;bin;rgs;gif;jpg;jpeg;jpe;resx;tiff;tif;png;wav;mfcribbon-ms</Extensions>
    </Filter>
    <Filter Include="Class">
      <UniqueIdentifier>{a671e46a-d507-41b1-b78d-058005424de2}</UniqueIdentifier>
    </Filter>
    <Filter Include="Class\StringSplitter">
      <UniqueIdentifier>{2408ed24-9841-47ae-82ba-0e74387c05a2}</UniqueIdentifier>
    </Filter>
    <Filter Include="Class\Dice">
      <UniqueIdentifier>{0e44bd55-0371-454d-85cb-57441fdfcf28}</UniqueIdentifier>
    </Filter>
    <Filter Include="Class\Circle">
      <UniqueIdentifier>{5a6ccb2c-527c-4a74-a38b-1baffe2b6eda}</UniqueIdentifier>
    </Filter>
    <Filter Include="Class\Buffer">
      <UniqueIdentifier>{cba0c4f6-be22-4d20-9fca-4f1484b65884}</UniqueIdentifier>
    </Filter>
    <Filter Include="Class\Ball">
      <UniqueIdentifier>{de4dcaf4-0521-495c-99e8-45d1d79e7e0e}</UniqueIdentifier>
    </Filter>
    <Filter Include="Class\Matrix">
      <UniqueIdentifier>{d431534d-4a6d-4634-938e-8eb521682019}</UniqueIdentifier>
    </Filter>
    <Filter Include="Class\Matrix\Matrix2">
      <UniqueIdentifier>{58bf6693-44df-4ef9-8280-9cba9cdd41ec}</UniqueIdentifier>
    </Filter>
    <Filter Include="Class\Matrix\Matrix3">
      <UniqueIdentifier>{6971d5af-bf50-4a97-8aff-ded372bf64fd}</UniqueIdentifier>
    </Filter>
    <Filter Include="OpenGL">
      <UniqueIdentifier>{7d40eb54-4d1e-4408-9581-8b722fa5b071}</UniqueIdentifier>
    </Filter>
    <Filter Include="OpenGL\Mouse">
      <UniqueIdentifier>{091f3fdf-2f8f-4228-b67e-6dd06960ebcf}</UniqueIdentifier>
    </Filter>
    <Filter Include="OpenGL\InterFace">
      <UniqueIdentifier>{557d56c5-2f40-4233-be01-8af346befda2}</UniqueIdentifier>
    </Filter>
    <Filter Include="Cording Rules">
      <UniqueIdentifier>{e486d06a-9a52-442f-8d54-e4bd23b57aa1}</UniqueIdentifier>
    </Filter>
    <Filter Include="Utility">
      <UniqueIdentifier>{d0f8ef53-cc4c-41a0-bcc8-bfdb812097c4}</UniqueIdentifier>
    </Filter>
    <Filter Include="Utility\ClassCheck">
      <UniqueIdentifier>{e6ee26ec-3502-4067-b13c-96de65769d4b}</UniqueIdentifier>
    </Filter>
    <Filter Include="Class\Split">
      <UniqueIdentifier>{eeb983f8-6ea2-4600-9eed-b624834c919c}</UniqueIdentifier>
    </Filter>
  </ItemGroup>
  <ItemGroup>
    <ClCompile Include="Koryuoh\Dice\dice.cpp">
      <Filter>Class\Dice</Filter>
    </ClCompile>
    <ClCompile Include="Koryuoh\Circle\Circle.cpp">
      <Filter>Class\Circle</Filter>
    </ClCompile>
    <ClCompile Include="Koryuoh\Buffer\Buffer.cpp">
      <Filter>Class\Buffer</Filter>
    </ClCompile>
    <ClCompile Include="Koryuoh\Ball\Ball.cpp">
      <Filter>Class\Ball</Filter>
    </ClCompile>
    <ClCompile Include="Koryuoh\StringSplitter\StringSplit.cpp">
      <Filter>Class\StringSplitter</Filter>
    </ClCompile>
    <ClCompile Include="Koryuoh\Matrix\Matrix2\Matrix2.cpp">
      <Filter>Class\Matrix\Matrix2</Filter>
    </ClCompile>
    <ClCompile Include="Koryuoh\Utility\ClassCheck\Utility.cpp">
      <Filter>Utility\ClassCheck</Filter>
    </ClCompile>
  </ItemGroup>
  <ItemGroup>
    <ClInclude Include="Koryuoh\Dice\dice.h">
      <Filter>Class\Dice</Filter>
    </ClInclude>
    <ClInclude Include="Koryuoh\Circle\Circle.h">
      <Filter>Class\Circle</Filter>
    </ClInclude>
    <ClInclude Include="Koryuoh\Buffer\Buffer.h">
      <Filter>Class\Buffer</Filter>
    </ClInclude>
    <ClInclude Include="Koryuoh\Ball\Ball.h">
      <Filter>Class\Ball</Filter>
    </ClInclude>
    <ClInclude Include="Koryuoh\StringSplitter\StringSplitter.h">
      <Filter>Class\StringSplitter</Filter>
    </ClInclude>
    <ClInclude Include="Koryuoh\Matrix\Matrix2\Matrix2.h">
      <Filter>Class\Matrix\Matrix2</Filter>
    </ClInclude>
    <ClInclude Include="Koryuoh\Matrix\Matrix3\Matrix3.h">
      <Filter>Class\Matrix\Matrix3</Filter>
    </ClInclude>
    <ClInclude Include="OpenGL\Mouse\GL_Mouse.h">
      <Filter>OpenGL\Mouse</Filter>
    </ClInclude>
    <ClInclude Include="Koryuoh\Utility\ClassCheck\Utility.h">
      <Filter>Utility\ClassCheck</Filter>
    </ClInclude>
    <ClInclude Include="Split\Split.h">
      <Filter>Class\Split</Filter>
    </ClInclude>
  </ItemGroup>
  <ItemGroup>
    <None Include="ClassDiagram1.cd" />
    <None Include="..\..\Cording Rule\Header_Rules.txt">
      <Filter>Cording Rules</Filter>
    </None>
    <None Include="..\..\Cording Rule\Source_Rules.txt">
      <Filter>Cording Rules</Filter>
    </None>
  </ItemGroup>
</Project>